
Microsoft Visual Studio Solution File, Format Version 12.00
# Visual Studio Version 16
VisualStudioVersion = 16.0.30413.136
MinimumVisualStudioVersion = 10.0.40219.1
Project("{FAE04EC0-301F-11D3-BF4B-00C04F79EFBC}") = "WebNote", "WebNote.csproj", "{65EC8DD6-AEA9-4FEC-A1D8-4EA0C8EB6645}"
EndProject
Global
	GlobalSection(SolutionConfigurationPlatforms) = preSolution
		Debug|Any CPU = Debug|Any CPU
		Release|Any CPU = Release|Any CPU
	EndGlobalSection
	GlobalSection(ProjectConfigurationPlatforms) = postSolution
		{65EC8DD6-AEA9-4FEC-A1D8-4EA0C8EB6645}.Debug|Any CPU.ActiveCfg = Debug|Any CPU
		{65EC8DD6-AEA9-4FEC-A1D8-4EA0C8EB6645}.Debug|Any CPU.Build.0 = Debug|Any CPU
		{65EC8DD6-AEA9-4FEC-A1D8-4EA0C8EB6645}.Release|Any CPU.ActiveCfg = Release|Any CPU
		{65EC8DD6-AEA9-4FEC-A1D8-4EA0C8EB6645}.Release|Any CPU.Build.0 = Release|Any CPU
	EndGlobalSection
	GlobalSection(SolutionProperties) = preSolution
		HideSolutionNode = FALSE
	EndGlobalSection
	GlobalSection(ExtensibilityGlobals) = postSolution
		SolutionGuid = {C8CAFFD9-C4C5-4909-ADE6-9AD73EAF7B97}
	EndGlobalSection
EndGlobal
